
Microsoft Visual Studio Solution File, Format Version 12.00
# Visual Studio Version 17
VisualStudioVersion = 17.5.2.0
MinimumVisualStudioVersion = 10.0.40219.1
Project("{FAE04EC0-301F-11D3-BF4B-00C04F79EFBC}") = "Pokemon", "Pokemon.csproj", "{D783BC92-13AD-55D0-CEC0-8090D95381DE}"
EndProject
Project("{FAE04EC0-301F-11D3-BF4B-00C04F79EFBC}") = "PokemonTest", "..\PokemonTest\PokemonTest.csproj", "{F9B00626-3732-4965-AA49-A3604C88036A}"
EndProject
Global
	GlobalSection(SolutionConfigurationPlatforms) = preSolution
		Debug|Any CPU = Debug|Any CPU
		Debug|x64 = Debug|x64
		Debug|x86 = Debug|x86
		Release|Any CPU = Release|Any CPU
		Release|x64 = Release|x64
		Release|x86 = Release|x86
	EndGlobalSection
	GlobalSection(ProjectConfigurationPlatforms) = postSolution
		{D783BC92-13AD-55D0-CEC0-8090D95381DE}.Debug|Any CPU.ActiveCfg = Debug|Any CPU
		{D783BC92-13AD-55D0-CEC0-8090D95381DE}.Debug|Any CPU.Build.0 = Debug|Any CPU
		{D783BC92-13AD-55D0-CEC0-8090D95381DE}.Debug|x64.ActiveCfg = Debug|Any CPU
		{D783BC92-13AD-55D0-CEC0-8090D95381DE}.Debug|x64.Build.0 = Debug|Any CPU
		{D783BC92-13AD-55D0-CEC0-8090D95381DE}.Debug|x86.ActiveCfg = Debug|Any CPU
		{D783BC92-13AD-55D0-CEC0-8090D95381DE}.Debug|x86.Build.0 = Debug|Any CPU
		{D783BC92-13AD-55D0-CEC0-8090D95381DE}.Release|Any CPU.ActiveCfg = Release|Any CPU
		{D783BC92-13AD-55D0-CEC0-8090D95381DE}.Release|Any CPU.Build.0 = Release|Any CPU
		{D783BC92-13AD-55D0-CEC0-8090D95381DE}.Release|x64.ActiveCfg = Release|Any CPU
		{D783BC92-13AD-55D0-CEC0-8090D95381DE}.Release|x64.Build.0 = Release|Any CPU
		{D783BC92-13AD-55D0-CEC0-8090D95381DE}.Release|x86.ActiveCfg = Release|Any CPU
		{D783BC92-13AD-55D0-CEC0-8090D95381DE}.Release|x86.Build.0 = Release|Any CPU
		{F9B00626-3732-4965-AA49-A3604C88036A}.Debug|Any CPU.ActiveCfg = Debug|Any CPU
		{F9B00626-3732-4965-AA49-A3604C88036A}.Debug|Any CPU.Build.0 = Debug|Any CPU
		{F9B00626-3732-4965-AA49-A3604C88036A}.Debug|x64.ActiveCfg = Debug|Any CPU
		{F9B00626-3732-4965-AA49-A3604C88036A}.Debug|x64.Build.0 = Debug|Any CPU
		{F9B00626-3732-4965-AA49-A3604C88036A}.Debug|x86.ActiveCfg = Debug|Any CPU
		{F9B00626-3732-4965-AA49-A3604C88036A}.Debug|x86.Build.0 = Debug|Any CPU
		{F9B00626-3732-4965-AA49-A3604C88036A}.Release|Any CPU.ActiveCfg = Release|Any CPU
		{F9B00626-3732-4965-AA49-A3604C88036A}.Release|Any CPU.Build.0 = Release|Any CPU
		{F9B00626-3732-4965-AA49-A3604C88036A}.Release|x64.ActiveCfg = Release|Any CPU
		{F9B00626-3732-4965-AA49-A3604C88036A}.Release|x64.Build.0 = Release|Any CPU
		{F9B00626-3732-4965-AA49-A3604C88036A}.Release|x86.ActiveCfg = Release|Any CPU
		{F9B00626-3732-4965-AA49-A3604C88036A}.Release|x86.Build.0 = Release|Any CPU
	EndGlobalSection
	GlobalSection(SolutionProperties) = preSolution
		HideSolutionNode = FALSE
	EndGlobalSection
	GlobalSection(ExtensibilityGlobals) = postSolution
		SolutionGuid = {1DFF1B48-321A-45D8-B31C-978E9FB34385}
	EndGlobalSection
EndGlobal
